
Microsoft Visual Studio Solution File, Format Version 12.00
# Visual Studio Version 16
VisualStudioVersion = 16.0.31624.102
MinimumVisualStudioVersion = 10.0.40219.1
Project("{9A19103F-16F7-4668-BE54-9A1E7A4F7556}") = "EntidadesComercio", "EntidadesComercio\EntidadesComercio.csproj", "{8CB81469-2A7B-4740-97FD-90CABD0EA13C}"
EndProject
Project("{9A19103F-16F7-4668-BE54-9A1E7A4F7556}") = "Ventas", "Ventas\Ventas.csproj", "{B60F3CF9-D781-4D2A-A32E-4D99711AF009}"
EndProject
Project("{9A19103F-16F7-4668-BE54-9A1E7A4F7556}") = "Comercio", "Comercio\Comercio.csproj", "{B49D93B6-E32B-4A51-B5E2-56D955C21E92}"
EndProject
Global
	GlobalSection(SolutionConfigurationPlatforms) = preSolution
		Debug|Any CPU = Debug|Any CPU
		Release|Any CPU = Release|Any CPU
	EndGlobalSection
	GlobalSection(ProjectConfigurationPlatforms) = postSolution
		{8CB81469-2A7B-4740-97FD-90CABD0EA13C}.Debug|Any CPU.ActiveCfg = Debug|Any CPU
		{8CB81469-2A7B-4740-97FD-90CABD0EA13C}.Debug|Any CPU.Build.0 = Debug|Any CPU
		{8CB81469-2A7B-4740-97FD-90CABD0EA13C}.Release|Any CPU.ActiveCfg = Release|Any CPU
		{8CB81469-2A7B-4740-97FD-90CABD0EA13C}.Release|Any CPU.Build.0 = Release|Any CPU
		{B60F3CF9-D781-4D2A-A32E-4D99711AF009}.Debug|Any CPU.ActiveCfg = Debug|Any CPU
		{B60F3CF9-D781-4D2A-A32E-4D99711AF009}.Debug|Any CPU.Build.0 = Debug|Any CPU
		{B60F3CF9-D781-4D2A-A32E-4D99711AF009}.Release|Any CPU.ActiveCfg = Release|Any CPU
		{B60F3CF9-D781-4D2A-A32E-4D99711AF009}.Release|Any CPU.Build.0 = Release|Any CPU
		{B49D93B6-E32B-4A51-B5E2-56D955C21E92}.Debug|Any CPU.ActiveCfg = Debug|Any CPU
		{B49D93B6-E32B-4A51-B5E2-56D955C21E92}.Debug|Any CPU.Build.0 = Debug|Any CPU
		{B49D93B6-E32B-4A51-B5E2-56D955C21E92}.Release|Any CPU.ActiveCfg = Release|Any CPU
		{B49D93B6-E32B-4A51-B5E2-56D955C21E92}.Release|Any CPU.Build.0 = Release|Any CPU
	EndGlobalSection
	GlobalSection(SolutionProperties) = preSolution
		HideSolutionNode = FALSE
	EndGlobalSection
	GlobalSection(ExtensibilityGlobals) = postSolution
		SolutionGuid = {372B5027-7D53-462F-B50B-18EC48B5EEE1}
	EndGlobalSection
EndGlobal
